
Microsoft Visual Studio Solution File, Format Version 12.00
# Visual Studio Version 17
VisualStudioVersion = 17.11.35222.181
MinimumVisualStudioVersion = 10.0.40219.1
Project("{FAE04EC0-301F-11D3-BF4B-00C04F79EFBC}") = "TestTabbedApp", "TestTabbedApp.csproj", "{5122823C-367A-4D1D-9191-343F37C18BEF}"
EndProject
Global
	GlobalSection(SolutionConfigurationPlatforms) = preSolution
		Debug|Any CPU = Debug|Any CPU
		Release|Any CPU = Release|Any CPU
	EndGlobalSection
	GlobalSection(ProjectConfigurationPlatforms) = postSolution
		{5122823C-367A-4D1D-9191-343F37C18BEF}.Debug|Any CPU.ActiveCfg = Debug|Any CPU
		{5122823C-367A-4D1D-9191-343F37C18BEF}.Debug|Any CPU.Build.0 = Debug|Any CPU
		{5122823C-367A-4D1D-9191-343F37C18BEF}.Debug|Any CPU.Deploy.0 = Debug|Any CPU
		{5122823C-367A-4D1D-9191-343F37C18BEF}.Release|Any CPU.ActiveCfg = Release|Any CPU
		{5122823C-367A-4D1D-9191-343F37C18BEF}.Release|Any CPU.Build.0 = Release|Any CPU
		{5122823C-367A-4D1D-9191-343F37C18BEF}.Release|Any CPU.Deploy.0 = Release|Any CPU
	EndGlobalSection
	GlobalSection(SolutionProperties) = preSolution
		HideSolutionNode = FALSE
	EndGlobalSection
	GlobalSection(ExtensibilityGlobals) = postSolution
		SolutionGuid = {D222BC62-1E42-4F66-AE97-35A73016283F}
	EndGlobalSection
EndGlobal
